dependencies:
- name: postgresql
  repository: https://charts.bitnami.com/bitnami
  version: 10.10.3
- name: redis
  repository: https://charts.bitnami.com/bitnami
  version: 13.0.1
digest: sha256:f16504851e29407f8998b80327744f6339647167e7be8aac378816b245fd612a
generated: "2022-03-04T21:20:41.190441+01:00"
